
Microsoft Visual Studio Solution File, Format Version 12.00
# Visual Studio 15
VisualStudioVersion = 15.0.26730.16
MinimumVisualStudioVersion = 10.0.40219.1
Project("{FAE04EC0-301F-11D3-BF4B-00C04F79EFBC}") = "Practica_LINQ_Xamarin.Android", "Practica LINQ Xamarin\Practica_LINQ_Xamarin.Android\Practica_LINQ_Xamarin.Android.csproj", "{BC088A30-40D2-44E9-A01B-C2F90B4DECDF}"
EndProject
Project("{FAE04EC0-301F-11D3-BF4B-00C04F79EFBC}") = "Practica_LINQ_Xamarin", "Practica LINQ Xamarin\Practica_LINQ_Xamarin\Practica_LINQ_Xamarin.csproj", "{302CCACB-DE5D-487D-80BB-D1E3800F961C}"
EndProject
Project("{FAE04EC0-301F-11D3-BF4B-00C04F79EFBC}") = "Practica_LINQ_Xamarin.UWP", "Practica LINQ Xamarin\Practica_LINQ_Xamarin.UWP\Practica_LINQ_Xamarin.UWP.csproj", "{A70F00EC-D27D-49F3-BA72-8EBDAEA99B20}"
EndProject
Global
	GlobalSection(SolutionConfigurationPlatforms) = preSolution
		Ad-Hoc|Any CPU = Ad-Hoc|Any CPU
		Ad-Hoc|ARM = Ad-Hoc|ARM
		Ad-Hoc|iPhone = Ad-Hoc|iPhone
		Ad-Hoc|iPhoneSimulator = Ad-Hoc|iPhoneSimulator
		Ad-Hoc|x64 = Ad-Hoc|x64
		Ad-Hoc|x86 = Ad-Hoc|x86
		AppStore|Any CPU = AppStore|Any CPU
		AppStore|ARM = AppStore|ARM
		AppStore|iPhone = AppStore|iPhone
		AppStore|iPhoneSimulator = AppStore|iPhoneSimulator
		AppStore|x64 = AppStore|x64
		AppStore|x86 = AppStore|x86
		Debug|Any CPU = Debug|Any CPU
		Debug|ARM = Debug|ARM
		Debug|iPhone = Debug|iPhone
		Debug|iPhoneSimulator = Debug|iPhoneSimulator
		Debug|x64 = Debug|x64
		Debug|x86 = Debug|x86
		Release|Any CPU = Release|Any CPU
		Release|ARM = Release|ARM
		Release|iPhone = Release|iPhone
		Release|iPhoneSimulator = Release|iPhoneSimulator
		Release|x64 = Release|x64
		Release|x86 = Release|x86
	EndGlobalSection
	GlobalSection(ProjectConfigurationPlatforms) = postSolution
		{BC088A30-40D2-44E9-A01B-C2F90B4DECDF}.Ad-Hoc|Any CPU.ActiveCfg = Release|Any CPU
		{BC088A30-40D2-44E9-A01B-C2F90B4DECDF}.Ad-Hoc|Any CPU.Build.0 = Release|Any CPU
		{BC088A30-40D2-44E9-A01B-C2F90B4DECDF}.Ad-Hoc|Any CPU.Deploy.0 = Release|Any CPU
		{BC088A30-40D2-44E9-A01B-C2F90B4DECDF}.Ad-Hoc|ARM.ActiveCfg = Release|Any CPU
		{BC088A30-40D2-44E9-A01B-C2F90B4DECDF}.Ad-Hoc|ARM.Build.0 = Release|Any CPU
		{BC088A30-40D2-44E9-A01B-C2F90B4DECDF}.Ad-Hoc|ARM.Deploy.0 = Release|Any CPU
		{BC088A30-40D2-44E9-A01B-C2F90B4DECDF}.Ad-Hoc|iPhone.ActiveCfg = Release|Any CPU
		{BC088A30-40D2-44E9-A01B-C2F90B4DECDF}.Ad-Hoc|iPhone.Build.0 = Release|Any CPU
		{BC088A30-40D2-44E9-A01B-C2F90B4DECDF}.Ad-Hoc|iPhone.Deploy.0 = Release|Any CPU
		{BC088A30-40D2-44E9-A01B-C2F90B4DECDF}.Ad-Hoc|iPhoneSimulator.ActiveCfg = Release|Any CPU
		{BC088A30-40D2-44E9-A01B-C2F90B4DECDF}.Ad-Hoc|iPhoneSimulator.Build.0 = Release|Any CPU
		{BC088A30-40D2-44E9-A01B-C2F90B4DECDF}.Ad-Hoc|iPhoneSimulator.Deploy.0 = Release|Any CPU
		{BC088A30-40D2-44E9-A01B-C2F90B4DECDF}.Ad-Hoc|x64.ActiveCfg = Release|Any CPU
		{BC088A30-40D2-44E9-A01B-C2F90B4DECDF}.Ad-Hoc|x64.Build.0 = Release|Any CPU
		{BC088A30-40D2-44E9-A01B-C2F90B4DECDF}.Ad-Hoc|x64.Deploy.0 = Release|Any CPU
		{BC088A30-40D2-44E9-A01B-C2F90B4DECDF}.Ad-Hoc|x86.ActiveCfg = Release|Any CPU
		{BC088A30-40D2-44E9-A01B-C2F90B4DECDF}.Ad-Hoc|x86.Build.0 = Release|Any CPU
		{BC088A30-40D2-44E9-A01B-C2F90B4DECDF}.Ad-Hoc|x86.Deploy.0 = Release|Any CPU
		{BC088A30-40D2-44E9-A01B-C2F90B4DECDF}.AppStore|Any CPU.ActiveCfg = Release|Any CPU
		{BC088A30-40D2-44E9-A01B-C2F90B4DECDF}.AppStore|Any CPU.Build.0 = Release|Any CPU
		{BC088A30-40D2-44E9-A01B-C2F90B4DECDF}.AppStore|Any CPU.Deploy.0 = Release|Any CPU
		{BC088A30-40D2-44E9-A01B-C2F90B4DECDF}.AppStore|ARM.ActiveCfg = Release|Any CPU
		{BC088A30-40D2-44E9-A01B-C2F90B4DECDF}.AppStore|ARM.Build.0 = Release|Any CPU
		{BC088A30-40D2-44E9-A01B-C2F90B4DECDF}.AppStore|ARM.Deploy.0 = Release|Any CPU
		{BC088A30-40D2-44E9-A01B-C2F90B4DECDF}.AppStore|iPhone.ActiveCfg = Release|Any CPU
		{BC088A30-40D2-44E9-A01B-C2F90B4DECDF}.AppStore|iPhone.Build.0 = Release|Any CPU
		{BC088A30-40D2-44E9-A01B-C2F90B4DECDF}.AppStore|iPhone.Deploy.0 = Release|Any CPU
		{BC088A30-40D2-44E9-A01B-C2F90B4DECDF}.AppStore|iPhoneSimulator.ActiveCfg = Release|Any CPU
		{BC088A30-40D2-44E9-A01B-C2F90B4DECDF}.AppStore|iPhoneSimulator.Build.0 = Release|Any CPU
		{BC088A30-40D2-44E9-A01B-C2F90B4DECDF}.AppStore|iPhoneSimulator.Deploy.0 = Release|Any CPU
		{BC088A30-40D2-44E9-A01B-C2F90B4DECDF}.AppStore|x64.ActiveCfg = Release|Any CPU
		{BC088A30-40D2-44E9-A01B-C2F90B4DECDF}.AppStore|x64.Build.0 = Release|Any CPU
		{BC088A30-40D2-44E9-A01B-C2F90B4DECDF}.AppStore|x64.Deploy.0 = Release|Any CPU
		{BC088A30-40D2-44E9-A01B-C2F90B4DECDF}.AppStore|x86.ActiveCfg = Release|Any CPU
		{BC088A30-40D2-44E9-A01B-C2F90B4DECDF}.AppStore|x86.Build.0 = Release|Any CPU
		{BC088A30-40D2-44E9-A01B-C2F90B4DECDF}.AppStore|x86.Deploy.0 = Release|Any CPU
		{BC088A30-40D2-44E9-A01B-C2F90B4DECDF}.Debug|Any CPU.ActiveCfg = Debug|Any CPU
		{BC088A30-40D2-44E9-A01B-C2F90B4DECDF}.Debug|Any CPU.Build.0 = Debug|Any CPU
		{BC088A30-40D2-44E9-A01B-C2F90B4DECDF}.Debug|Any CPU.Deploy.0 = Debug|Any CPU
		{BC088A30-40D2-44E9-A01B-C2F90B4DECDF}.Debug|ARM.ActiveCfg = Debug|Any CPU
		{BC088A30-40D2-44E9-A01B-C2F90B4DECDF}.Debug|ARM.Build.0 = Debug|Any CPU
		{BC088A30-40D2-44E9-A01B-C2F90B4DECDF}.Debug|ARM.Deploy.0 = Debug|Any CPU
		{BC088A30-40D2-44E9-A01B-C2F90B4DECDF}.Debug|iPhone.ActiveCfg = Debug|Any CPU
		{BC088A30-40D2-44E9-A01B-C2F90B4DECDF}.Debug|iPhone.Build.0 = Debug|Any CPU
		{BC088A30-40D2-44E9-A01B-C2F90B4DECDF}.Debug|iPhone.Deploy.0 = Debug|Any CPU
		{BC088A30-40D2-44E9-A01B-C2F90B4DECDF}.Debug|iPhoneSimulator.ActiveCfg = Debug|Any CPU
		{BC088A30-40D2-44E9-A01B-C2F90B4DECDF}.Debug|iPhoneSimulator.Build.0 = Debug|Any CPU
		{BC088A30-40D2-44E9-A01B-C2F90B4DECDF}.Debug|iPhoneSimulator.Deploy.0 = Debug|Any CPU
		{BC088A30-40D2-44E9-A01B-C2F90B4DECDF}.Debug|x64.ActiveCfg = Debug|Any CPU
		{BC088A30-40D2-44E9-A01B-C2F90B4DECDF}.Debug|x64.Build.0 = Debug|Any CPU
		{BC088A30-40D2-44E9-A01B-C2F90B4DECDF}.Debug|x64.Deploy.0 = Debug|Any CPU
		{BC088A30-40D2-44E9-A01B-C2F90B4DECDF}.Debug|x86.ActiveCfg = Debug|Any CPU
		{BC088A30-40D2-44E9-A01B-C2F90B4DECDF}.Debug|x86.Build.0 = Debug|Any CPU
		{BC088A30-40D2-44E9-A01B-C2F90B4DECDF}.Debug|x86.Deploy.0 = Debug|Any CPU
		{BC088A30-40D2-44E9-A01B-C2F90B4DECDF}.Release|Any CPU.ActiveCfg = Release|Any CPU
		{BC088A30-40D2-44E9-A01B-C2F90B4DECDF}.Release|Any CPU.Build.0 = Release|Any CPU
		{BC088A30-40D2-44E9-A01B-C2F90B4DECDF}.Release|Any CPU.Deploy.0 = Release|Any CPU
		{BC088A30-40D2-44E9-A01B-C2F90B4DECDF}.Release|ARM.ActiveCfg = Release|Any CPU
		{BC088A30-40D2-44E9-A01B-C2F90B4DECDF}.Release|ARM.Build.0 = Release|Any CPU
		{BC088A30-40D2-44E9-A01B-C2F90B4DECDF}.Release|ARM.Deploy.0 = Release|Any CPU
		{BC088A30-40D2-44E9-A01B-C2F90B4DECDF}.Release|iPhone.ActiveCfg = Release|Any CPU
		{BC088A30-40D2-44E9-A01B-C2F90B4DECDF}.Release|iPhone.Build.0 = Release|Any CPU
		{BC088A30-40D2-44E9-A01B-C2F90B4DECDF}.Release|iPhone.Deploy.0 = Release|Any CPU
		{BC088A30-40D2-44E9-A01B-C2F90B4DECDF}.Release|iPhoneSimulator.ActiveCfg = Release|Any CPU
		{BC088A30-40D2-44E9-A01B-C2F90B4DECDF}.Release|iPhoneSimulator.Build.0 = Release|Any CPU
		{BC088A30-40D2-44E9-A01B-C2F90B4DECDF}.Release|iPhoneSimulator.Deploy.0 = Release|Any CPU
		{BC088A30-40D2-44E9-A01B-C2F90B4DECDF}.Release|x64.ActiveCfg = Release|Any CPU
		{BC088A30-40D2-44E9-A01B-C2F90B4DECDF}.Release|x64.Build.0 = Release|Any CPU
		{BC088A30-40D2-44E9-A01B-C2F90B4DECDF}.Release|x64.Deploy.0 = Release|Any CPU
		{BC088A30-40D2-44E9-A01B-C2F90B4DECDF}.Release|x86.ActiveCfg = Release|Any CPU
		{BC088A30-40D2-44E9-A01B-C2F90B4DECDF}.Release|x86.Build.0 = Release|Any CPU
		{BC088A30-40D2-44E9-A01B-C2F90B4DECDF}.Release|x86.Deploy.0 = Release|Any CPU
		{302CCACB-DE5D-487D-80BB-D1E3800F961C}.Ad-Hoc|Any CPU.ActiveCfg = Release|Any CPU
		{302CCACB-DE5D-487D-80BB-D1E3800F961C}.Ad-Hoc|Any CPU.Build.0 = Release|Any CPU
		{302CCACB-DE5D-487D-80BB-D1E3800F961C}.Ad-Hoc|ARM.ActiveCfg = Release|Any CPU
		{302CCACB-DE5D-487D-80BB-D1E3800F961C}.Ad-Hoc|ARM.Build.0 = Release|Any CPU
		{302CCACB-DE5D-487D-80BB-D1E3800F961C}.Ad-Hoc|iPhone.ActiveCfg = Release|Any CPU
		{302CCACB-DE5D-487D-80BB-D1E3800F961C}.Ad-Hoc|iPhone.Build.0 = Release|Any CPU
		{302CCACB-DE5D-487D-80BB-D1E3800F961C}.Ad-Hoc|iPhoneSimulator.ActiveCfg = Release|Any CPU
		{302CCACB-DE5D-487D-80BB-D1E3800F961C}.Ad-Hoc|iPhoneSimulator.Build.0 = Release|Any CPU
		{302CCACB-DE5D-487D-80BB-D1E3800F961C}.Ad-Hoc|x64.ActiveCfg = Release|Any CPU
		{302CCACB-DE5D-487D-80BB-D1E3800F961C}.Ad-Hoc|x64.Build.0 = Release|Any CPU
		{302CCACB-DE5D-487D-80BB-D1E3800F961C}.Ad-Hoc|x86.ActiveCfg = Release|Any CPU
		{302CCACB-DE5D-487D-80BB-D1E3800F961C}.Ad-Hoc|x86.Build.0 = Release|Any CPU
		{302CCACB-DE5D-487D-80BB-D1E3800F961C}.AppStore|Any CPU.ActiveCfg = Release|Any CPU
		{302CCACB-DE5D-487D-80BB-D1E3800F961C}.AppStore|Any CPU.Build.0 = Release|Any CPU
		{302CCACB-DE5D-487D-80BB-D1E3800F961C}.AppStore|ARM.ActiveCfg = Release|Any CPU
		{302CCACB-DE5D-487D-80BB-D1E3800F961C}.AppStore|ARM.Build.0 = Release|Any CPU
		{302CCACB-DE5D-487D-80BB-D1E3800F961C}.AppStore|iPhone.ActiveCfg = Release|Any CPU
		{302CCACB-DE5D-487D-80BB-D1E3800F961C}.AppStore|iPhone.Build.0 = Release|Any CPU
		{302CCACB-DE5D-487D-80BB-D1E3800F961C}.AppStore|iPhoneSimulator.ActiveCfg = Release|Any CPU
		{302CCACB-DE5D-487D-80BB-D1E3800F961C}.AppStore|iPhoneSimulator.Build.0 = Release|Any CPU
		{302CCACB-DE5D-487D-80BB-D1E3800F961C}.AppStore|x64.ActiveCfg = Release|Any CPU
		{302CCACB-DE5D-487D-80BB-D1E3800F961C}.AppStore|x64.Build.0 = Release|Any CPU
		{302CCACB-DE5D-487D-80BB-D1E3800F961C}.AppStore|x86.ActiveCfg = Release|Any CPU
		{302CCACB-DE5D-487D-80BB-D1E3800F961C}.AppStore|x86.Build.0 = Release|Any CPU
		{302CCACB-DE5D-487D-80BB-D1E3800F961C}.Debug|Any CPU.ActiveCfg = Debug|Any CPU
		{302CCACB-DE5D-487D-80BB-D1E3800F961C}.Debug|Any CPU.Build.0 = Debug|Any CPU
		{302CCACB-DE5D-487D-80BB-D1E3800F961C}.Debug|ARM.ActiveCfg = Debug|Any CPU
		{302CCACB-DE5D-487D-80BB-D1E3800F961C}.Debug|ARM.Build.0 = Debug|Any CPU
		{302CCACB-DE5D-487D-80BB-D1E3800F961C}.Debug|iPhone.ActiveCfg = Debug|Any CPU
		{302CCACB-DE5D-487D-80BB-D1E3800F961C}.Debug|iPhone.Build.0 = Debug|Any CPU
		{302CCACB-DE5D-487D-80BB-D1E3800F961C}.Debug|iPhoneSimulator.ActiveCfg = Debug|Any CPU
		{302CCACB-DE5D-487D-80BB-D1E3800F961C}.Debug|iPhoneSimulator.Build.0 = Debug|Any CPU
		{302CCACB-DE5D-487D-80BB-D1E3800F961C}.Debug|x64.ActiveCfg = Debug|Any CPU
		{302CCACB-DE5D-487D-80BB-D1E3800F961C}.Debug|x64.Build.0 = Debug|Any CPU
		{302CCACB-DE5D-487D-80BB-D1E3800F961C}.Debug|x86.ActiveCfg = Debug|Any CPU
		{302CCACB-DE5D-487D-80BB-D1E3800F961C}.Debug|x86.Build.0 = Debug|Any CPU
		{302CCACB-DE5D-487D-80BB-D1E3800F961C}.Release|Any CPU.ActiveCfg = Release|Any CPU
		{302CCACB-DE5D-487D-80BB-D1E3800F961C}.Release|Any CPU.Build.0 = Release|Any CPU
		{302CCACB-DE5D-487D-80BB-D1E3800F961C}.Release|ARM.ActiveCfg = Release|Any CPU
		{302CCACB-DE5D-487D-80BB-D1E3800F961C}.Release|ARM.Build.0 = Release|Any CPU
		{302CCACB-DE5D-487D-80BB-D1E3800F961C}.Release|iPhone.ActiveCfg = Release|Any CPU
		{302CCACB-DE5D-487D-80BB-D1E3800F961C}.Release|iPhone.Build.0 = Release|Any CPU
		{302CCACB-DE5D-487D-80BB-D1E3800F961C}.Release|iPhoneSimulator.ActiveCfg = Release|Any CPU
		{302CCACB-DE5D-487D-80BB-D1E3800F961C}.Release|iPhoneSimulator.Build.0 = Release|Any CPU
		{302CCACB-DE5D-487D-80BB-D1E3800F961C}.Release|x64.ActiveCfg = Release|Any CPU
		{302CCACB-DE5D-487D-80BB-D1E3800F961C}.Release|x64.Build.0 = Release|Any CPU
		{302CCACB-DE5D-487D-80BB-D1E3800F961C}.Release|x86.ActiveCfg = Release|Any CPU
		{302CCACB-DE5D-487D-80BB-D1E3800F961C}.Release|x86.Build.0 = Release|Any CPU
		{A70F00EC-D27D-49F3-BA72-8EBDAEA99B20}.Ad-Hoc|Any CPU.ActiveCfg = Release|x86
		{A70F00EC-D27D-49F3-BA72-8EBDAEA99B20}.Ad-Hoc|Any CPU.Build.0 = Release|x86
		{A70F00EC-D27D-49F3-BA72-8EBDAEA99B20}.Ad-Hoc|Any CPU.Deploy.0 = Release|x86
		{A70F00EC-D27D-49F3-BA72-8EBDAEA99B20}.Ad-Hoc|ARM.ActiveCfg = Release|ARM
		{A70F00EC-D27D-49F3-BA72-8EBDAEA99B20}.Ad-Hoc|ARM.Build.0 = Release|ARM
		{A70F00EC-D27D-49F3-BA72-8EBDAEA99B20}.Ad-Hoc|ARM.Deploy.0 = Release|ARM
		{A70F00EC-D27D-49F3-BA72-8EBDAEA99B20}.Ad-Hoc|iPhone.ActiveCfg = Release|x86
		{A70F00EC-D27D-49F3-BA72-8EBDAEA99B20}.Ad-Hoc|iPhone.Build.0 = Release|x86
		{A70F00EC-D27D-49F3-BA72-8EBDAEA99B20}.Ad-Hoc|iPhone.Deploy.0 = Release|x86
		{A70F00EC-D27D-49F3-BA72-8EBDAEA99B20}.Ad-Hoc|iPhoneSimulator.ActiveCfg = Release|x86
		{A70F00EC-D27D-49F3-BA72-8EBDAEA99B20}.Ad-Hoc|iPhoneSimulator.Build.0 = Release|x86
		{A70F00EC-D27D-49F3-BA72-8EBDAEA99B20}.Ad-Hoc|iPhoneSimulator.Deploy.0 = Release|x86
		{A70F00EC-D27D-49F3-BA72-8EBDAEA99B20}.Ad-Hoc|x64.ActiveCfg = Release|x64
		{A70F00EC-D27D-49F3-BA72-8EBDAEA99B20}.Ad-Hoc|x64.Build.0 = Release|x64
		{A70F00EC-D27D-49F3-BA72-8EBDAEA99B20}.Ad-Hoc|x64.Deploy.0 = Release|x64
		{A70F00EC-D27D-49F3-BA72-8EBDAEA99B20}.Ad-Hoc|x86.ActiveCfg = Release|x86
		{A70F00EC-D27D-49F3-BA72-8EBDAEA99B20}.Ad-Hoc|x86.Build.0 = Release|x86
		{A70F00EC-D27D-49F3-BA72-8EBDAEA99B20}.Ad-Hoc|x86.Deploy.0 = Release|x86
		{A70F00EC-D27D-49F3-BA72-8EBDAEA99B20}.AppStore|Any CPU.ActiveCfg = Release|x86
		{A70F00EC-D27D-49F3-BA72-8EBDAEA99B20}.AppStore|Any CPU.Build.0 = Release|x86
		{A70F00EC-D27D-49F3-BA72-8EBDAEA99B20}.AppStore|Any CPU.Deploy.0 = Release|x86
		{A70F00EC-D27D-49F3-BA72-8EBDAEA99B20}.AppStore|ARM.ActiveCfg = Release|ARM
		{A70F00EC-D27D-49F3-BA72-8EBDAEA99B20}.AppStore|ARM.Build.0 = Release|ARM
		{A70F00EC-D27D-49F3-BA72-8EBDAEA99B20}.AppStore|ARM.Deploy.0 = Release|ARM
		{A70F00EC-D27D-49F3-BA72-8EBDAEA99B20}.AppStore|iPhone.ActiveCfg = Release|x86
		{A70F00EC-D27D-49F3-BA72-8EBDAEA99B20}.AppStore|iPhone.Build.0 = Release|x86
		{A70F00EC-D27D-49F3-BA72-8EBDAEA99B20}.AppStore|iPhone.Deploy.0 = Release|x86
		{A70F00EC-D27D-49F3-BA72-8EBDAEA99B20}.AppStore|iPhoneSimulator.ActiveCfg = Release|x86
		{A70F00EC-D27D-49F3-BA72-8EBDAEA99B20}.AppStore|iPhoneSimulator.Build.0 = Release|x86
		{A70F00EC-D27D-49F3-BA72-8EBDAEA99B20}.AppStore|iPhoneSimulator.Deploy.0 = Release|x86
		{A70F00EC-D27D-49F3-BA72-8EBDAEA99B20}.AppStore|x64.ActiveCfg = Release|x64
		{A70F00EC-D27D-49F3-BA72-8EBDAEA99B20}.AppStore|x64.Build.0 = Release|x64
		{A70F00EC-D27D-49F3-BA72-8EBDAEA99B20}.AppStore|x64.Deploy.0 = Release|x64
		{A70F00EC-D27D-49F3-BA72-8EBDAEA99B20}.AppStore|x86.ActiveCfg = Release|x86
		{A70F00EC-D27D-49F3-BA72-8EBDAEA99B20}.AppStore|x86.Build.0 = Release|x86
		{A70F00EC-D27D-49F3-BA72-8EBDAEA99B20}.AppStore|x86.Deploy.0 = Release|x86
		{A70F00EC-D27D-49F3-BA72-8EBDAEA99B20}.Debug|Any CPU.ActiveCfg = Debug|x86
		{A70F00EC-D27D-49F3-BA72-8EBDAEA99B20}.Debug|ARM.ActiveCfg = Debug|ARM
		{A70F00EC-D27D-49F3-BA72-8EBDAEA99B20}.Debug|ARM.Build.0 = Debug|ARM
		{A70F00EC-D27D-49F3-BA72-8EBDAEA99B20}.Debug|ARM.Deploy.0 = Debug|ARM
		{A70F00EC-D27D-49F3-BA72-8EBDAEA99B20}.Debug|iPhone.ActiveCfg = Debug|x86
		{A70F00EC-D27D-49F3-BA72-8EBDAEA99B20}.Debug|iPhoneSimulator.ActiveCfg = Debug|x86
		{A70F00EC-D27D-49F3-BA72-8EBDAEA99B20}.Debug|x64.ActiveCfg = Debug|x64
		{A70F00EC-D27D-49F3-BA72-8EBDAEA99B20}.Debug|x64.Build.0 = Debug|x64
		{A70F00EC-D27D-49F3-BA72-8EBDAEA99B20}.Debug|x64.Deploy.0 = Debug|x64
		{A70F00EC-D27D-49F3-BA72-8EBDAEA99B20}.Debug|x86.ActiveCfg = Debug|x86
		{A70F00EC-D27D-49F3-BA72-8EBDAEA99B20}.Debug|x86.Build.0 = Debug|x86
		{A70F00EC-D27D-49F3-BA72-8EBDAEA99B20}.Debug|x86.Deploy.0 = Debug|x86
		{A70F00EC-D27D-49F3-BA72-8EBDAEA99B20}.Release|Any CPU.ActiveCfg = Release|x86
		{A70F00EC-D27D-49F3-BA72-8EBDAEA99B20}.Release|ARM.ActiveCfg = Release|ARM
		{A70F00EC-D27D-49F3-BA72-8EBDAEA99B20}.Release|ARM.Build.0 = Release|ARM
		{A70F00EC-D27D-49F3-BA72-8EBDAEA99B20}.Release|ARM.Deploy.0 = Release|ARM
		{A70F00EC-D27D-49F3-BA72-8EBDAEA99B20}.Release|iPhone.ActiveCfg = Release|x86
		{A70F00EC-D27D-49F3-BA72-8EBDAEA99B20}.Release|iPhoneSimulator.ActiveCfg = Release|x86
		{A70F00EC-D27D-49F3-BA72-8EBDAEA99B20}.Release|x64.ActiveCfg = Release|x64
		{A70F00EC-D27D-49F3-BA72-8EBDAEA99B20}.Release|x64.Build.0 = Release|x64
		{A70F00EC-D27D-49F3-BA72-8EBDAEA99B20}.Release|x64.Deploy.0 = Release|x64
		{A70F00EC-D27D-49F3-BA72-8EBDAEA99B20}.Release|x86.ActiveCfg = Release|x86
		{A70F00EC-D27D-49F3-BA72-8EBDAEA99B20}.Release|x86.Build.0 = Release|x86
		{A70F00EC-D27D-49F3-BA72-8EBDAEA99B20}.Release|x86.Deploy.0 = Release|x86
	EndGlobalSection
	GlobalSection(SolutionProperties) = preSolution
		HideSolutionNode = FALSE
	EndGlobalSection
	GlobalSection(ExtensibilityGlobals) = postSolution
		SolutionGuid = {47D48135-AD0E-4456-A157-740BA656023F}
	EndGlobalSection
EndGlobal
